{
  "requires": true,
  "lockfileVersion": 1,
  "dependencies": {
    "moment-jdateformatparser": {
      "version": "1.2.1",
      "resolved": "https://registry.npmjs.org/moment-jdateformatparser/-/moment-jdateformatparser-1.2.1.tgz",
      "integrity": "sha512-lpUeQtMaxmpK+pPPHGWMnqzgsB/nunbAGPg72mzvRNbxxeQ2uBurdq9EJmvJtOiYB6k/4T9kuvQFbb+8Tirn4A=="
    }
  }
}
